{
  "meteor": {},
  "dependencies": {
    "basePackages": {
      "npm": {},
      "bootstrap3-less": {},
      "collection2": {},
      "cheerio": {},
      "mocha-web-velocity": {},
      "velocity-html-reporter": {},
      "chartjs": {}
    },
    "packages": {
      "npm": {
        "git": "https://github.com/arunoda/meteor-npm.git",
        "tag": "v0.2.6",
        "commit": "177ab6118de5bf8cffb19481343d5762ff7a2aaf"
      },
      "bootstrap3-less": {
        "git": "https://github.com/simison/bootstrap3-less",
        "tag": "v0.2.1",
        "commit": "dc94a51ed00d7de6d6f2b6d65107a876d849ad61"
      },
      "collection2": {
        "git": "https://github.com/aldeed/meteor-collection2.git",
        "tag": "v0.4.2",
        "commit": "4ff4b707bec8be434919730bf101325adb215444"
      },
      "cheerio": {
        "git": "https://github.com/andreioprisan/meteor-cheerio.git",
        "tag": "v0.3.2",
        "commit": "f7b7b8c4ad4dbac7e9b34a4b110150cd5ec95bae"
      },
      "mocha-web-velocity": {
        "git": "https://github.com/mad-eye/meteor-mocha-web.git",
        "tag": "v0.3.3",
        "commit": "57776ea64ec5b432ca7b44f97ec42744fdb27520"
      },
      "velocity-html-reporter": {
        "git": "https://github.com/rdickert/velocity-html-reporter.git",
        "tag": "v0.1.4",
        "commit": "55f973519fb6db831678219057854b94a4cec846"
      },
      "chartjs": {
        "git": "https://github.com/donskifarrell/meteor-chartjs.git",
        "tag": "v0.0.6",
        "commit": "7999ee282dc6302806c421607ecd9248d160c6e7"
      },
      "simple-schema": {
        "git": "https://github.com/aldeed/meteor-simple-schema.git",
        "tag": "v0.6.0",
        "commit": "418ec496612fb2afc853e342f0d2269b6674a2fe"
      },
      "mirror": {
        "git": "https://github.com/xdissent/meteor-mirror.git",
        "tag": "v0.0.2",
        "commit": "03d965dcab2f976a1fdc6ce513edcd4c17b75746"
      },
      "velocity": {
        "git": "https://github.com/xolvio/velocity.git",
        "tag": "v0.1.11",
        "commit": "a13c44c5acc0f4e7490bc28bc323d3dee799f9a3"
      }
    }
  }
}
